
Microsoft Visual Studio Solution File, Format Version 12.00
# Visual Studio Express 14 for Windows Desktop
VisualStudioVersion = 14.0.25420.1
MinimumVisualStudioVersion = 10.0.40219.1
Project("{FAE04EC0-301F-11D3-BF4B-00C04F79EFBC}") = "eInvoiceFreelance", "eInvoiceFreelance\eInvoiceFreelance.csproj", "{AF773526-067D-4C75-97CF-4FA6B9D26166}"
	ProjectSection(ProjectDependencies) = postProject
		{84C4FDD9-3ED7-453B-B9DA-B3ED52CB071C} = {84C4FDD9-3ED7-453B-B9DA-B3ED52CB071C}
	EndProjectSection
EndProject
Project("{FAE04EC0-301F-11D3-BF4B-00C04F79EFBC}") = "itextsharp", "iTextSharpCore\itextsharp.csproj", "{84C4FDD9-3ED7-453B-B9DA-B3ED52CB071C}"
EndProject
Global
	GlobalSection(SolutionConfigurationPlatforms) = preSolution
		Debug_woDrawing|Any CPU = Debug_woDrawing|Any CPU
		Debug|Any CPU = Debug|Any CPU
		Release_woDrawing|Any CPU = Release_woDrawing|Any CPU
		Release|Any CPU = Release|Any CPU
	EndGlobalSection
	GlobalSection(ProjectConfigurationPlatforms) = postSolution
		{AF773526-067D-4C75-97CF-4FA6B9D26166}.Debug_woDrawing|Any CPU.ActiveCfg = Debug|Any CPU
		{AF773526-067D-4C75-97CF-4FA6B9D26166}.Debug_woDrawing|Any CPU.Build.0 = Debug|Any CPU
		{AF773526-067D-4C75-97CF-4FA6B9D26166}.Debug|Any CPU.ActiveCfg = Debug|Any CPU
		{AF773526-067D-4C75-97CF-4FA6B9D26166}.Debug|Any CPU.Build.0 = Debug|Any CPU
		{AF773526-067D-4C75-97CF-4FA6B9D26166}.Release_woDrawing|Any CPU.ActiveCfg = ReleaseWindows|Any CPU
		{AF773526-067D-4C75-97CF-4FA6B9D26166}.Release_woDrawing|Any CPU.Build.0 = ReleaseWindows|Any CPU
		{AF773526-067D-4C75-97CF-4FA6B9D26166}.Release|Any CPU.ActiveCfg = ReleaseWindows|Any CPU
		{AF773526-067D-4C75-97CF-4FA6B9D26166}.Release|Any CPU.Build.0 = ReleaseWindows|Any CPU
		{84C4FDD9-3ED7-453B-B9DA-B3ED52CB071C}.Debug_woDrawing|Any CPU.ActiveCfg = Debug_woDrawing|Any CPU
		{84C4FDD9-3ED7-453B-B9DA-B3ED52CB071C}.Debug_woDrawing|Any CPU.Build.0 = Debug_woDrawing|Any CPU
		{84C4FDD9-3ED7-453B-B9DA-B3ED52CB071C}.Debug|Any CPU.ActiveCfg = Debug|Any CPU
		{84C4FDD9-3ED7-453B-B9DA-B3ED52CB071C}.Debug|Any CPU.Build.0 = Debug|Any CPU
		{84C4FDD9-3ED7-453B-B9DA-B3ED52CB071C}.Release_woDrawing|Any CPU.ActiveCfg = Release_woDrawing|Any CPU
		{84C4FDD9-3ED7-453B-B9DA-B3ED52CB071C}.Release_woDrawing|Any CPU.Build.0 = Release_woDrawing|Any CPU
		{84C4FDD9-3ED7-453B-B9DA-B3ED52CB071C}.Release|Any CPU.ActiveCfg = Release|Any CPU
		{84C4FDD9-3ED7-453B-B9DA-B3ED52CB071C}.Release|Any CPU.Build.0 = Release|Any CPU
	EndGlobalSection
	GlobalSection(SolutionProperties) = preSolution
		HideSolutionNode = FALSE
	EndGlobalSection
EndGlobal
